// !$*UTF8*$!
{
	archiveVersion = 1;
	classes = {
	};
	objectVersion = 56;
	objects = {

/* Begin PBXBuildFile section */
		2112A3CD2C22253900D64EA9 /* Eligiblity.swift in Sources */ = {isa = PBXBuildFile; fileRef = 2112A3CC2C22253500D64EA9 /* Eligiblity.swift */; };
		211DCA522C9A41340039A1D5 /* DebugUILayer.swift in Sources */ = {isa = PBXBuildFile; fileRef = 211DCA512C9A41340039A1D5 /* DebugUILayer.swift */; };
		211DCA542C9A414A0039A1D5 /* SettingsUILayer.swift in Sources */ = {isa = PBXBuildFile; fileRef = 211DCA532C9A41460039A1D5 /* SettingsUILayer.swift */; };
		2123DF6E2C0679DB00868B53 /* InternalTestApp.swift in Sources */ = {isa = PBXBuildFile; fileRef = 2123DF6D2C0679DB00868B53 /* InternalTestApp.swift */; };
		2123DF702C0679DB00868B53 /* ContentView.swift in Sources */ = {isa = PBXBuildFile; fileRef = 2123DF6F2C0679DB00868B53 /* ContentView.swift */; };
		2123DF722C0679DE00868B53 /* Assets.xcassets in Resources */ = {isa = PBXBuildFile; fileRef = 2123DF712C0679DE00868B53 /* Assets.xcassets */; };
		2123DF752C0679DE00868B53 /* Preview Assets.xcassets in Resources */ = {isa = PBXBuildFile; fileRef = 2123DF742C0679DE00868B53 /* Preview Assets.xcassets */; };
		2130EEDC2C8A769B0026C1A6 /* GlobalState.swift in Sources */ = {isa = PBXBuildFile; fileRef = 2130EEDB2C8A76930026C1A6 /* GlobalState.swift */; };
		2130EEE12C8A776C0026C1A6 /* FeatureFlag.swift in Sources */ = {isa = PBXBuildFile; fileRef = 2130EEE02C8A776B0026C1A6 /* FeatureFlag.swift */; };
		2144D1712D90A79100439A81 /* FeatureFlagsTab.swift in Sources */ = {isa = PBXBuildFile; fileRef = 2144D1702D90A78B00439A81 /* FeatureFlagsTab.swift */; };
		214A49892E0A33D6008E2AF9 /* SearchTab.swift in Sources */ = {isa = PBXBuildFile; fileRef = 214A49882E0A33D6008E2AF9 /* SearchTab.swift */; };
		214A498C2E0A356C008E2AF9 /* SearchTabState.swift in Sources */ = {isa = PBXBuildFile; fileRef = 214A498B2E0A3567008E2AF9 /* SearchTabState.swift */; };
		215654D02D90AA340096D778 /* FeatureFlagsSupport.swift in Sources */ = {isa = PBXBuildFile; fileRef = 215654CF2D90AA290096D778 /* FeatureFlagsSupport.swift */; };
		215670572E08CAE100C54709 /* FeatureFlagAddCustomEntrySheetView.swift in Sources */ = {isa = PBXBuildFile; fileRef = 215670562E08CAE100C54709 /* FeatureFlagAddCustomEntrySheetView.swift */; };
		2157487A2CB4DC8A00AE876C /* AppLaunchUILayer.swift in Sources */ = {isa = PBXBuildFile; fileRef = 215748792CB4DC8A00AE876C /* AppLaunchUILayer.swift */; };
		2157BB392C08AA8200F19C85 /* DefaultPacketConfiguration.swift in Sources */ = {isa = PBXBuildFile; fileRef = 2157BB382C08AA8100F19C85 /* DefaultPacketConfiguration.swift */; };
		2157BB3C2C08ABCF00F19C85 /* Packet.swift in Sources */ = {isa = PBXBuildFile; fileRef = 2157BB3B2C08ABCF00F19C85 /* Packet.swift */; };
		2166CD6F2C8BA868005EC975 /* ConsoleView.swift in Sources */ = {isa = PBXBuildFile; fileRef = 2166CD6E2C8BA867005EC975 /* ConsoleView.swift */; };
		21790EE52C22389D00801CD7 /* PacketGroupSection.swift in Sources */ = {isa = PBXBuildFile; fileRef = 21790EE42C22389B00801CD7 /* PacketGroupSection.swift */; };
		218110AF2D9067EF0044E116 /* Scratch.swift in Sources */ = {isa = PBXBuildFile; fileRef = 218110AE2D9067ED0044E116 /* Scratch.swift */; };
		218110B22D9072DC0044E116 /* PacketsTab.swift in Sources */ = {isa = PBXBuildFile; fileRef = 218110B12D9072D70044E116 /* PacketsTab.swift */; };
		218110B42D90748A0044E116 /* RootView.swift in Sources */ = {isa = PBXBuildFile; fileRef = 218110B32D9074810044E116 /* RootView.swift */; };
		218110B62D9078DC0044E116 /* Tabs.swift in Sources */ = {isa = PBXBuildFile; fileRef = 218110B52D9078D20044E116 /* Tabs.swift */; };
		2189ECDE2E076EFB003A8C2C /* PacketsTabState.swift in Sources */ = {isa = PBXBuildFile; fileRef = 2189ECDD2E076EFA003A8C2C /* PacketsTabState.swift */; };
		219146E12E0771D300E9630C /* FeatureFlagsTabState.swift in Sources */ = {isa = PBXBuildFile; fileRef = 2189ECE02E077143003A8C2C /* FeatureFlagsTabState.swift */; };
		2198B7A82C08FB530056EB08 /* Interop.swift in Sources */ = {isa = PBXBuildFile; fileRef = 2198B7A72C08FB530056EB08 /* Interop.swift */; };
		219FC3902D8FC8990002F41E /* FeatureFlagsBridge.m in Sources */ = {isa = PBXBuildFile; fileRef = 219FC38F2D8FC8990002F41E /* FeatureFlagsBridge.m */; };
		21A8007E2C8B38D2009C049F /* MainToolbar.swift in Sources */ = {isa = PBXBuildFile; fileRef = 21A8007D2C8B38D0009C049F /* MainToolbar.swift */; };
		21A842AD2E0A1EE900250EF0 /* FeatureFlagFeatureEntryView.swift in Sources */ = {isa = PBXBuildFile; fileRef = 21A842AC2E0A1EE900250EF0 /* FeatureFlagFeatureEntryView.swift */; };
		21A842AF2E0A1F1A00250EF0 /* FeatureFlagDomainEntryView.swift in Sources */ = {isa = PBXBuildFile; fileRef = 21A842AE2E0A1F1A00250EF0 /* FeatureFlagDomainEntryView.swift */; };
		21AD64262C2B8204008DA41C /* SystemColors in Frameworks */ = {isa = PBXBuildFile; productRef = 21AD64252C2B8204008DA41C /* SystemColors */; };
		21B61AD82C225AE800CA4DDB /* PopupCloseOverlayButton.swift in Sources */ = {isa = PBXBuildFile; fileRef = 21B61AD72C225ADD00CA4DDB /* PopupCloseOverlayButton.swift */; };
		21BE66312D90F20400BF1D2E /* DynamicSwizzle.m in Sources */ = {isa = PBXBuildFile; fileRef = 21BE66302D90F20400BF1D2E /* DynamicSwizzle.m */; };
		21DCDE802C1BA038007B9B28 /* PacketDetailView.swift in Sources */ = {isa = PBXBuildFile; fileRef = 21DCDE7F2C1BA02F007B9B28 /* PacketDetailView.swift */; };
		21E5C0732C90FC3F00F6C35E /* SettingsView.swift in Sources */ = {isa = PBXBuildFile; fileRef = 21E5C0722C90FC3A00F6C35E /* SettingsView.swift */; };
		21E7812A2C8B807C00EFF561 /* Packet+UI.swift in Sources */ = {isa = PBXBuildFile; fileRef = 21E781292C8B807400EFF561 /* Packet+UI.swift */; };
		21EE452D2C1BB84100B63200 /* DebugSettingsView.swift in Sources */ = {isa = PBXBuildFile; fileRef = 21EE452C2C1BB83D00B63200 /* DebugSettingsView.swift */; };
		21F6487E2C8B57AF00AB7634 /* PacketListLabel.swift in Sources */ = {isa = PBXBuildFile; fileRef = 21F6487D2C8B57A800AB7634 /* PacketListLabel.swift */; };
		21FF22142C8A70F700DB7C29 /* HeroExplainer.swift in Sources */ = {isa = PBXBuildFile; fileRef = 21FF22132C8A70ED00DB7C29 /* HeroExplainer.swift */; };
		21FF22162C8A73C300DB7C29 /* DebugMenu.swift in Sources */ = {isa = PBXBuildFile; fileRef = 21FF22152C8A73BE00DB7C29 /* DebugMenu.swift */; };
/* End PBXBuildFile section */

/* Begin PBXFileReference section */
		2112A3CB2C221CBF00D64EA9 /* InternalInspect.entitlements */ = {isa = PBXFileReference; lastKnownFileType = text.plist.entitlements; path = InternalInspect.entitlements; sourceTree = "<group>"; };
		2112A3CC2C22253500D64EA9 /* Eligiblity.swift */ = {isa = PBXFileReference; lastKnownFileType = sourcecode.swift; path = Eligiblity.swift; sourceTree = "<group>"; };
		211DCA512C9A41340039A1D5 /* DebugUILayer.swift */ = {isa = PBXFileReference; lastKnownFileType = sourcecode.swift; path = DebugUILayer.swift; sourceTree = "<group>"; };
		211DCA532C9A41460039A1D5 /* SettingsUILayer.swift */ = {isa = PBXFileReference; lastKnownFileType = sourcecode.swift; path = SettingsUILayer.swift; sourceTree = "<group>"; };
		2123DF6A2C0679DB00868B53 /* InternalInspect.app */ = {isa = PBXFileReference; explicitFileType = wrapper.application; includeInIndex = 0; path = InternalInspect.app; sourceTree = BUILT_PRODUCTS_DIR; };
		2123DF6D2C0679DB00868B53 /* InternalTestApp.swift */ = {isa = PBXFileReference; lastKnownFileType = sourcecode.swift; path = InternalTestApp.swift; sourceTree = "<group>"; };
		2123DF6F2C0679DB00868B53 /* ContentView.swift */ = {isa = PBXFileReference; lastKnownFileType = sourcecode.swift; path = ContentView.swift; sourceTree = "<group>"; };
		2123DF712C0679DE00868B53 /* Assets.xcassets */ = {isa = PBXFileReference; lastKnownFileType = folder.assetcatalog; path = Assets.xcassets; sourceTree = "<group>"; };
		2123DF742C0679DE00868B53 /* Preview Assets.xcassets */ = {isa = PBXFileReference; lastKnownFileType = folder.assetcatalog; path = "Preview Assets.xcassets"; sourceTree = "<group>"; };
		2130EEDB2C8A76930026C1A6 /* GlobalState.swift */ = {isa = PBXFileReference; lastKnownFileType = sourcecode.swift; path = GlobalState.swift; sourceTree = "<group>"; };
		2130EEE02C8A776B0026C1A6 /* FeatureFlag.swift */ = {isa = PBXFileReference; lastKnownFileType = sourcecode.swift; path = FeatureFlag.swift; sourceTree = "<group>"; };
		2144D1702D90A78B00439A81 /* FeatureFlagsTab.swift */ = {isa = PBXFileReference; lastKnownFileType = sourcecode.swift; path = FeatureFlagsTab.swift; sourceTree = "<group>"; };
		214A49882E0A33D6008E2AF9 /* SearchTab.swift */ = {isa = PBXFileReference; lastKnownFileType = sourcecode.swift; path = SearchTab.swift; sourceTree = "<group>"; };
		214A498B2E0A3567008E2AF9 /* SearchTabState.swift */ = {isa = PBXFileReference; lastKnownFileType = sourcecode.swift; path = SearchTabState.swift; sourceTree = "<group>"; };
		215654CF2D90AA290096D778 /* FeatureFlagsSupport.swift */ = {isa = PBXFileReference; lastKnownFileType = sourcecode.swift; path = FeatureFlagsSupport.swift; sourceTree = "<group>"; };
		215670562E08CAE100C54709 /* FeatureFlagAddCustomEntrySheetView.swift */ = {isa = PBXFileReference; lastKnownFileType = sourcecode.swift; path = FeatureFlagAddCustomEntrySheetView.swift; sourceTree = "<group>"; };
		215748792CB4DC8A00AE876C /* AppLaunchUILayer.swift */ = {isa = PBXFileReference; lastKnownFileType = sourcecode.swift; path = AppLaunchUILayer.swift; sourceTree = "<group>"; };
		2157BB382C08AA8100F19C85 /* DefaultPacketConfiguration.swift */ = {isa = PBXFileReference; lastKnownFileType = sourcecode.swift; path = DefaultPacketConfiguration.swift; sourceTree = "<group>"; };
		2157BB3B2C08ABCF00F19C85 /* Packet.swift */ = {isa = PBXFileReference; lastKnownFileType = sourcecode.swift; path = Packet.swift; sourceTree = "<group>"; };
		2166CD6E2C8BA867005EC975 /* ConsoleView.swift */ = {isa = PBXFileReference; lastKnownFileType = sourcecode.swift; path = ConsoleView.swift; sourceTree = "<group>"; };
		21790EE42C22389B00801CD7 /* PacketGroupSection.swift */ = {isa = PBXFileReference; lastKnownFileType = sourcecode.swift; path = PacketGroupSection.swift; sourceTree = "<group>"; };
		218110AE2D9067ED0044E116 /* Scratch.swift */ = {isa = PBXFileReference; lastKnownFileType = sourcecode.swift; path = Scratch.swift; sourceTree = "<group>"; };
		218110B12D9072D70044E116 /* PacketsTab.swift */ = {isa = PBXFileReference; lastKnownFileType = sourcecode.swift; path = PacketsTab.swift; sourceTree = "<group>"; };
		218110B32D9074810044E116 /* RootView.swift */ = {isa = PBXFileReference; lastKnownFileType = sourcecode.swift; path = RootView.swift; sourceTree = "<group>"; };
		218110B52D9078D20044E116 /* Tabs.swift */ = {isa = PBXFileReference; lastKnownFileType = sourcecode.swift; path = Tabs.swift; sourceTree = "<group>"; };
		2189ECDD2E076EFA003A8C2C /* PacketsTabState.swift */ = {isa = PBXFileReference; lastKnownFileType = sourcecode.swift; path = PacketsTabState.swift; sourceTree = "<group>"; };
		2189ECE02E077143003A8C2C /* FeatureFlagsTabState.swift */ = {isa = PBXFileReference; lastKnownFileType = sourcecode.swift; path = FeatureFlagsTabState.swift; sourceTree = "<group>"; };
		2198B7A72C08FB530056EB08 /* Interop.swift */ = {isa = PBXFileReference; lastKnownFileType = sourcecode.swift; path = Interop.swift; sourceTree = "<group>"; };
		219FC38D2D8FC8990002F41E /* InternalInspect-Bridging-Header.h */ = {isa = PBXFileReference; lastKnownFileType = sourcecode.c.h; path = "InternalInspect-Bridging-Header.h"; sourceTree = "<group>"; };
		219FC38E2D8FC8990002F41E /* FeatureFlagsBridge.h */ = {isa = PBXFileReference; lastKnownFileType = sourcecode.c.h; path = FeatureFlagsBridge.h; sourceTree = "<group>"; };
		219FC38F2D8FC8990002F41E /* FeatureFlagsBridge.m */ = {isa = PBXFileReference; lastKnownFileType = sourcecode.c.objc; path = FeatureFlagsBridge.m; sourceTree = "<group>"; };
		219FC3922D8FC99D0002F41E /* FeatureFlagsSupport.tbd */ = {isa = PBXFileReference; lastKnownFileType = "sourcecode.text-based-dylib-definition"; name = FeatureFlagsSupport.tbd; path = Platforms/MacOSX.platform/Developer/SDKs/MacOSX.sdk/System/Library/PrivateFrameworks/FeatureFlagsSupport.framework/Versions/A/FeatureFlagsSupport.tbd; sourceTree = DEVELOPER_DIR; };
		21A8007D2C8B38D0009C049F /* MainToolbar.swift */ = {isa = PBXFileReference; lastKnownFileType = sourcecode.swift; path = MainToolbar.swift; sourceTree = "<group>"; };
		21A842AC2E0A1EE900250EF0 /* FeatureFlagFeatureEntryView.swift */ = {isa = PBXFileReference; lastKnownFileType = sourcecode.swift; path = FeatureFlagFeatureEntryView.swift; sourceTree = "<group>"; };
		21A842AE2E0A1F1A00250EF0 /* FeatureFlagDomainEntryView.swift */ = {isa = PBXFileReference; lastKnownFileType = sourcecode.swift; path = FeatureFlagDomainEntryView.swift; sourceTree = "<group>"; };
		21B61AD72C225ADD00CA4DDB /* PopupCloseOverlayButton.swift */ = {isa = PBXFileReference; lastKnownFileType = sourcecode.swift; path = PopupCloseOverlayButton.swift; sourceTree = "<group>"; };
		21BE662F2D90F20400BF1D2E /* DynamicSwizzle.h */ = {isa = PBXFileReference; lastKnownFileType = sourcecode.c.h; path = DynamicSwizzle.h; sourceTree = "<group>"; };
		21BE66302D90F20400BF1D2E /* DynamicSwizzle.m */ = {isa = PBXFileReference; lastKnownFileType = sourcecode.c.objc; path = DynamicSwizzle.m; sourceTree = "<group>"; };
		21DCDE7F2C1BA02F007B9B28 /* PacketDetailView.swift */ = {isa = PBXFileReference; lastKnownFileType = sourcecode.swift; path = PacketDetailView.swift; sourceTree = "<group>"; };
		21E5C0722C90FC3A00F6C35E /* SettingsView.swift */ = {isa = PBXFileReference; lastKnownFileType = sourcecode.swift; path = SettingsView.swift; sourceTree = "<group>"; };
		21E781292C8B807400EFF561 /* Packet+UI.swift */ = {isa = PBXFileReference; lastKnownFileType = sourcecode.swift; path = "Packet+UI.swift"; sourceTree = "<group>"; };
		21EE452C2C1BB83D00B63200 /* DebugSettingsView.swift */ = {isa = PBXFileReference; lastKnownFileType = sourcecode.swift; path = DebugSettingsView.swift; sourceTree = "<group>"; };
		21F6487D2C8B57A800AB7634 /* PacketListLabel.swift */ = {isa = PBXFileReference; lastKnownFileType = sourcecode.swift; path = PacketListLabel.swift; sourceTree = "<group>"; };
		21FF22132C8A70ED00DB7C29 /* HeroExplainer.swift */ = {isa = PBXFileReference; lastKnownFileType = sourcecode.swift; path = HeroExplainer.swift; sourceTree = "<group>"; };
		21FF22152C8A73BE00DB7C29 /* DebugMenu.swift */ = {isa = PBXFileReference; lastKnownFileType = sourcecode.swift; path = DebugMenu.swift; sourceTree = "<group>"; };
/* End PBXFileReference section */

/* Begin PBXFrameworksBuildPhase section */
		2123DF672C0679DB00868B53 /* Frameworks */ = {
			isa = PBXFrameworksBuildPhase;
			buildActionMask = 2147483647;
			files = (
				21AD64262C2B8204008DA41C /* SystemColors in Frameworks */,
			);
			runOnlyForDeploymentPostprocessing = 0;
		};
/* End PBXFrameworksBuildPhase section */

/* Begin PBXGroup section */
		2112CA1B2C20A5C6005546CF /* Backend */ = {
			isa = PBXGroup;
			children = (
				2157BB3B2C08ABCF00F19C85 /* Packet.swift */,
				2198B7A72C08FB530056EB08 /* Interop.swift */,
				2112A3CC2C22253500D64EA9 /* Eligiblity.swift */,
				2157BB382C08AA8100F19C85 /* DefaultPacketConfiguration.swift */,
			);
			path = Backend;
			sourceTree = "<group>";
		};
		211DCA502C9A41230039A1D5 /* Layers */ = {
			isa = PBXGroup;
			children = (
				211DCA532C9A41460039A1D5 /* SettingsUILayer.swift */,
				211DCA512C9A41340039A1D5 /* DebugUILayer.swift */,
				215748792CB4DC8A00AE876C /* AppLaunchUILayer.swift */,
			);
			path = Layers;
			sourceTree = "<group>";
		};
		2123DF612C0679DB00868B53 = {
			isa = PBXGroup;
			children = (
				2123DF6C2C0679DB00868B53 /* InternalInspect */,
				219FC3912D8FC99C0002F41E /* Frameworks */,
				2123DF6B2C0679DB00868B53 /* Products */,
			);
			sourceTree = "<group>";
		};
		2123DF6B2C0679DB00868B53 /* Products */ = {
			isa = PBXGroup;
			children = (
				2123DF6A2C0679DB00868B53 /* InternalInspect.app */,
			);
			name = Products;
			sourceTree = "<group>";
		};
		2123DF6C2C0679DB00868B53 /* InternalInspect */ = {
			isa = PBXGroup;
			children = (
				21BE662E2D90F20100BF1D2E /* DynamicSwizzle */,
				218110B02D9072D30044E116 /* Tab management */,
				2144D16F2D90A78000439A81 /* Tabs */,
				219FC38C2D8FC8690002F41E /* Feature flags support */,
				21B61AD62C225AD700CA4DDB /* Controls */,
				218B09162C07D2AE00BD2AC0 /* Views */,
				2112CA1B2C20A5C6005546CF /* Backend */,
				2130EEDF2C8A77090026C1A6 /* State */,
				218110AE2D9067ED0044E116 /* Scratch.swift */,
				218110B32D9074810044E116 /* RootView.swift */,
				2123DF6F2C0679DB00868B53 /* ContentView.swift */,
				2123DF6D2C0679DB00868B53 /* InternalTestApp.swift */,
				219FC38D2D8FC8990002F41E /* InternalInspect-Bridging-Header.h */,
				2123DF712C0679DE00868B53 /* Assets.xcassets */,
				2112A3CB2C221CBF00D64EA9 /* InternalInspect.entitlements */,
				2123DF732C0679DE00868B53 /* Preview Content */,
			);
			path = InternalInspect;
			sourceTree = "<group>";
		};
		2123DF732C0679DE00868B53 /* Preview Content */ = {
			isa = PBXGroup;
			children = (
				2123DF742C0679DE00868B53 /* Preview Assets.xcassets */,
			);
			path = "Preview Content";
			sourceTree = "<group>";
		};
		2130EEDF2C8A77090026C1A6 /* State */ = {
			isa = PBXGroup;
			children = (
				2130EEE02C8A776B0026C1A6 /* FeatureFlag.swift */,
				2130EEDB2C8A76930026C1A6 /* GlobalState.swift */,
			);
			path = State;
			sourceTree = "<group>";
		};
		2144D16F2D90A78000439A81 /* Tabs */ = {
			isa = PBXGroup;
			children = (
				2189ECDB2E076EDE003A8C2C /* Packets */,
				2189ECDC2E076EE4003A8C2C /* Feature Flags */,
				214A498A2E0A3560008E2AF9 /* Search */,
			);
			path = Tabs;
			sourceTree = "<group>";
		};
		214A498A2E0A3560008E2AF9 /* Search */ = {
			isa = PBXGroup;
			children = (
				214A49882E0A33D6008E2AF9 /* SearchTab.swift */,
				214A498B2E0A3567008E2AF9 /* SearchTabState.swift */,
			);
			path = Search;
			sourceTree = "<group>";
		};
		218110B02D9072D30044E116 /* Tab management */ = {
			isa = PBXGroup;
			children = (
				218110B52D9078D20044E116 /* Tabs.swift */,
			);
			path = "Tab management";
			sourceTree = "<group>";
		};
		2189ECDB2E076EDE003A8C2C /* Packets */ = {
			isa = PBXGroup;
			children = (
				218110B12D9072D70044E116 /* PacketsTab.swift */,
				2189ECDD2E076EFA003A8C2C /* PacketsTabState.swift */,
			);
			path = Packets;
			sourceTree = "<group>";
		};
		2189ECDC2E076EE4003A8C2C /* Feature Flags */ = {
			isa = PBXGroup;
			children = (
				2144D1702D90A78B00439A81 /* FeatureFlagsTab.swift */,
				2189ECE02E077143003A8C2C /* FeatureFlagsTabState.swift */,
				21A842AE2E0A1F1A00250EF0 /* FeatureFlagDomainEntryView.swift */,
				21A842AC2E0A1EE900250EF0 /* FeatureFlagFeatureEntryView.swift */,
				215670562E08CAE100C54709 /* FeatureFlagAddCustomEntrySheetView.swift */,
			);
			path = "Feature Flags";
			sourceTree = "<group>";
		};
		218B09162C07D2AE00BD2AC0 /* Views */ = {
			isa = PBXGroup;
			children = (
				211DCA502C9A41230039A1D5 /* Layers */,
				21E5C0722C90FC3A00F6C35E /* SettingsView.swift */,
				2166CD6E2C8BA867005EC975 /* ConsoleView.swift */,
				21DCDE7F2C1BA02F007B9B28 /* PacketDetailView.swift */,
				21EE452C2C1BB83D00B63200 /* DebugSettingsView.swift */,
			);
			path = Views;
			sourceTree = "<group>";
		};
		219FC38C2D8FC8690002F41E /* Feature flags support */ = {
			isa = PBXGroup;
			children = (
				215654CF2D90AA290096D778 /* FeatureFlagsSupport.swift */,
				219FC38E2D8FC8990002F41E /* FeatureFlagsBridge.h */,
				219FC38F2D8FC8990002F41E /* FeatureFlagsBridge.m */,
			);
			path = "Feature flags support";
			sourceTree = "<group>";
		};
		219FC3912D8FC99C0002F41E /* Frameworks */ = {
			isa = PBXGroup;
			children = (
				219FC3922D8FC99D0002F41E /* FeatureFlagsSupport.tbd */,
			);
			name = Frameworks;
			sourceTree = "<group>";
		};
		21B61AD62C225AD700CA4DDB /* Controls */ = {
			isa = PBXGroup;
			children = (
				21E781292C8B807400EFF561 /* Packet+UI.swift */,
				21F6487D2C8B57A800AB7634 /* PacketListLabel.swift */,
				21A8007D2C8B38D0009C049F /* MainToolbar.swift */,
				21FF22152C8A73BE00DB7C29 /* DebugMenu.swift */,
				21FF22132C8A70ED00DB7C29 /* HeroExplainer.swift */,
				21B61AD72C225ADD00CA4DDB /* PopupCloseOverlayButton.swift */,
				21790EE42C22389B00801CD7 /* PacketGroupSection.swift */,
			);
			path = Controls;
			sourceTree = "<group>";
		};
		21BE662E2D90F20100BF1D2E /* DynamicSwizzle */ = {
			isa = PBXGroup;
			children = (
				21BE662F2D90F20400BF1D2E /* DynamicSwizzle.h */,
				21BE66302D90F20400BF1D2E /* DynamicSwizzle.m */,
			);
			path = DynamicSwizzle;
			sourceTree = "<group>";
		};
/* End PBXGroup section */

/* Begin PBXNativeTarget section */
		2123DF692C0679DB00868B53 /* InternalInspect */ = {
			isa = PBXNativeTarget;
			buildConfigurationList = 2123DF782C0679DE00868B53 /* Build configuration list for PBXNativeTarget "InternalInspect" */;
			buildPhases = (
				2123DF662C0679DB00868B53 /* Sources */,
				2123DF672C0679DB00868B53 /* Frameworks */,
				2123DF682C0679DB00868B53 /* Resources */,
			);
			buildRules = (
			);
			dependencies = (
			);
			name = InternalInspect;
			packageProductDependencies = (
				21AD64252C2B8204008DA41C /* SystemColors */,
			);
			productName = InternalTest;
			productReference = 2123DF6A2C0679DB00868B53 /* InternalInspect.app */;
			productType = "com.apple.product-type.application";
		};
/* End PBXNativeTarget section */

/* Begin PBXProject section */
		2123DF622C0679DB00868B53 /* Project object */ = {
			isa = PBXProject;
			attributes = {
				BuildIndependentTargetsInParallel = 1;
				LastSwiftUpdateCheck = 1540;
				LastUpgradeCheck = 1610;
				TargetAttributes = {
					2123DF692C0679DB00868B53 = {
						CreatedOnToolsVersion = 15.4;
						LastSwiftMigration = 1630;
					};
				};
			};
			buildConfigurationList = 2123DF652C0679DB00868B53 /* Build configuration list for PBXProject "InternalInspect" */;
			compatibilityVersion = "Xcode 14.0";
			developmentRegion = en;
			hasScannedForEncodings = 0;
			knownRegions = (
				en,
				Base,
			);
			mainGroup = 2123DF612C0679DB00868B53;
			packageReferences = (
				21AD64242C2B8204008DA41C /* XCRemoteSwiftPackageReference "swiftui-system-colors" */,
			);
			productRefGroup = 2123DF6B2C0679DB00868B53 /* Products */;
			projectDirPath = "";
			projectRoot = "";
			targets = (
				2123DF692C0679DB00868B53 /* InternalInspect */,
			);
		};
/* End PBXProject section */

/* Begin PBXResourcesBuildPhase section */
		2123DF682C0679DB00868B53 /* Resources */ = {
			isa = PBXResourcesBuildPhase;
			buildActionMask = 2147483647;
			files = (
				2123DF752C0679DE00868B53 /* Preview Assets.xcassets in Resources */,
				2123DF722C0679DE00868B53 /* Assets.xcassets in Resources */,
			);
			runOnlyForDeploymentPostprocessing = 0;
		};
/* End PBXResourcesBuildPhase section */

/* Begin PBXSourcesBuildPhase section */
		2123DF662C0679DB00868B53 /* Sources */ = {
			isa = PBXSourcesBuildPhase;
			buildActionMask = 2147483647;
			files = (
				2112A3CD2C22253900D64EA9 /* Eligiblity.swift in Sources */,
				21DCDE802C1BA038007B9B28 /* PacketDetailView.swift in Sources */,
				21A8007E2C8B38D2009C049F /* MainToolbar.swift in Sources */,
				21790EE52C22389D00801CD7 /* PacketGroupSection.swift in Sources */,
				2166CD6F2C8BA868005EC975 /* ConsoleView.swift in Sources */,
				21A842AF2E0A1F1A00250EF0 /* FeatureFlagDomainEntryView.swift in Sources */,
				21F6487E2C8B57AF00AB7634 /* PacketListLabel.swift in Sources */,
				2157BB392C08AA8200F19C85 /* DefaultPacketConfiguration.swift in Sources */,
				21A842AD2E0A1EE900250EF0 /* FeatureFlagFeatureEntryView.swift in Sources */,
				211DCA542C9A414A0039A1D5 /* SettingsUILayer.swift in Sources */,
				21BE66312D90F20400BF1D2E /* DynamicSwizzle.m in Sources */,
				214A49892E0A33D6008E2AF9 /* SearchTab.swift in Sources */,
				2189ECDE2E076EFB003A8C2C /* PacketsTabState.swift in Sources */,
				21FF22142C8A70F700DB7C29 /* HeroExplainer.swift in Sources */,
				2130EEDC2C8A769B0026C1A6 /* GlobalState.swift in Sources */,
				21B61AD82C225AE800CA4DDB /* PopupCloseOverlayButton.swift in Sources */,
				2123DF702C0679DB00868B53 /* ContentView.swift in Sources */,
				2144D1712D90A79100439A81 /* FeatureFlagsTab.swift in Sources */,
				2157BB3C2C08ABCF00F19C85 /* Packet.swift in Sources */,
				2157487A2CB4DC8A00AE876C /* AppLaunchUILayer.swift in Sources */,
				219FC3902D8FC8990002F41E /* FeatureFlagsBridge.m in Sources */,
				21E7812A2C8B807C00EFF561 /* Packet+UI.swift in Sources */,
				218110AF2D9067EF0044E116 /* Scratch.swift in Sources */,
				2123DF6E2C0679DB00868B53 /* InternalTestApp.swift in Sources */,
				215670572E08CAE100C54709 /* FeatureFlagAddCustomEntrySheetView.swift in Sources */,
				2130EEE12C8A776C0026C1A6 /* FeatureFlag.swift in Sources */,
				218110B42D90748A0044E116 /* RootView.swift in Sources */,
				219146E12E0771D300E9630C /* FeatureFlagsTabState.swift in Sources */,
				21EE452D2C1BB84100B63200 /* DebugSettingsView.swift in Sources */,
				211DCA522C9A41340039A1D5 /* DebugUILayer.swift in Sources */,
				218110B22D9072DC0044E116 /* PacketsTab.swift in Sources */,
				215654D02D90AA340096D778 /* FeatureFlagsSupport.swift in Sources */,
				218110B62D9078DC0044E116 /* Tabs.swift in Sources */,
				2198B7A82C08FB530056EB08 /* Interop.swift in Sources */,
				21FF22162C8A73C300DB7C29 /* DebugMenu.swift in Sources */,
				21E5C0732C90FC3F00F6C35E /* SettingsView.swift in Sources */,
				214A498C2E0A356C008E2AF9 /* SearchTabState.swift in Sources */,
			);
			runOnlyForDeploymentPostprocessing = 0;
		};
/* End PBXSourcesBuildPhase section */

/* Begin XCBuildConfiguration section */
		2123DF762C0679DE00868B53 /* Debug */ = {
			isa = XCBuildConfiguration;
			buildSettings = {
				ALWAYS_SEARCH_USER_PATHS = NO;
				ASSETCATALOG_COMPILER_GENERATE_SWIFT_ASSET_SYMBOL_EXTENSIONS = YES;
				CLANG_ANALYZER_NONNULL = YES;
				CLANG_ANALYZER_NUMBER_OBJECT_CONVERSION = YES_AGGRESSIVE;
				CLANG_CXX_LANGUAGE_STANDARD = "gnu++20";
				CLANG_ENABLE_MODULES = YES;
				CLANG_ENABLE_OBJC_ARC = YES;
				CLANG_ENABLE_OBJC_WEAK = YES;
				CLANG_WARN_BLOCK_CAPTURE_AUTORELEASING = YES;
				CLANG_WARN_BOOL_CONVERSION = YES;
				CLANG_WARN_COMMA = YES;
				CLANG_WARN_CONSTANT_CONVERSION = YES;
				CLANG_WARN_DEPRECATED_OBJC_IMPLEMENTATIONS = YES;
				CLANG_WARN_DIRECT_OBJC_ISA_USAGE = YES_ERROR;
				CLANG_WARN_DOCUMENTATION_COMMENTS = YES;
				CLANG_WARN_EMPTY_BODY = YES;
				CLANG_WARN_ENUM_CONVERSION = YES;
				CLANG_WARN_INFINITE_RECURSION = YES;
				CLANG_WARN_INT_CONVERSION = YES;
				CLANG_WARN_NON_LITERAL_NULL_CONVERSION = YES;
				CLANG_WARN_OBJC_IMPLICIT_RETAIN_SELF = YES;
				CLANG_WARN_OBJC_LITERAL_CONVERSION = YES;
				CLANG_WARN_OBJC_ROOT_CLASS = YES_ERROR;
				CLANG_WARN_QUOTED_INCLUDE_IN_FRAMEWORK_HEADER = YES;
				CLANG_WARN_RANGE_LOOP_ANALYSIS = YES;
				CLANG_WARN_STRICT_PROTOTYPES = YES;
				CLANG_WARN_SUSPICIOUS_MOVE = YES;
				CLANG_WARN_UNGUARDED_AVAILABILITY = YES_AGGRESSIVE;
				CLANG_WARN_UNREACHABLE_CODE = YES;
				CLANG_WARN__DUPLICATE_METHOD_MATCH = YES;
				COPY_PHASE_STRIP = NO;
				DEBUG_INFORMATION_FORMAT = dwarf;
				ENABLE_STRICT_OBJC_MSGSEND = YES;
				ENABLE_TESTABILITY = YES;
				ENABLE_USER_SCRIPT_SANDBOXING = YES;
				GCC_C_LANGUAGE_STANDARD = gnu17;
				GCC_DYNAMIC_NO_PIC = NO;
				GCC_NO_COMMON_BLOCKS = YES;
				GCC_OPTIMIZATION_LEVEL = 0;
				GCC_PREPROCESSOR_DEFINITIONS = (
					"DEBUG=1",
					"$(inherited)",
				);
				GCC_WARN_64_TO_32_BIT_CONVERSION = YES;
				GCC_WARN_ABOUT_RETURN_TYPE = YES_ERROR;
				GCC_WARN_UNDECLARED_SELECTOR = YES;
				GCC_WARN_UNINITIALIZED_AUTOS = YES_AGGRESSIVE;
				GCC_WARN_UNUSED_FUNCTION = YES;
				GCC_WARN_UNUSED_VARIABLE = YES;
				IPHONEOS_DEPLOYMENT_TARGET = 18.0;
				LOCALIZATION_PREFERS_STRING_CATALOGS = YES;
				MTL_ENABLE_DEBUG_INFO = INCLUDE_SOURCE;
				MTL_FAST_MATH = YES;
				ONLY_ACTIVE_ARCH = YES;
				SDKROOT = iphoneos;
				STRIP_INSTALLED_PRODUCT = NO;
				SWIFT_ACTIVE_COMPILATION_CONDITIONS = "DEBUG $(inherited)";
				SWIFT_DISABLE_SAFETY_CHECKS = YES;
				SWIFT_ENFORCE_EXCLUSIVE_ACCESS = off;
				SWIFT_OPTIMIZATION_LEVEL = "-Onone";
				SWIFT_VERSION = 6.0;
				_EXPERIMENTAL_SWIFT_EXPLICIT_MODULES = YES;
			};
			name = Debug;
		};
		2123DF772C0679DE00868B53 /* Release */ = {
			isa = XCBuildConfiguration;
			buildSettings = {
				ALWAYS_SEARCH_USER_PATHS = NO;
				ASSETCATALOG_COMPILER_GENERATE_SWIFT_ASSET_SYMBOL_EXTENSIONS = YES;
				CLANG_ANALYZER_NONNULL = YES;
				CLANG_ANALYZER_NUMBER_OBJECT_CONVERSION = YES_AGGRESSIVE;
				CLANG_CXX_LANGUAGE_STANDARD = "gnu++20";
				CLANG_ENABLE_MODULES = YES;
				CLANG_ENABLE_OBJC_ARC = YES;
				CLANG_ENABLE_OBJC_WEAK = YES;
				CLANG_WARN_BLOCK_CAPTURE_AUTORELEASING = YES;
				CLANG_WARN_BOOL_CONVERSION = YES;
				CLANG_WARN_COMMA = YES;
				CLANG_WARN_CONSTANT_CONVERSION = YES;
				CLANG_WARN_DEPRECATED_OBJC_IMPLEMENTATIONS = YES;
				CLANG_WARN_DIRECT_OBJC_ISA_USAGE = YES_ERROR;
				CLANG_WARN_DOCUMENTATION_COMMENTS = YES;
				CLANG_WARN_EMPTY_BODY = YES;
				CLANG_WARN_ENUM_CONVERSION = YES;
				CLANG_WARN_INFINITE_RECURSION = YES;
				CLANG_WARN_INT_CONVERSION = YES;
				CLANG_WARN_NON_LITERAL_NULL_CONVERSION = YES;
				CLANG_WARN_OBJC_IMPLICIT_RETAIN_SELF = YES;
				CLANG_WARN_OBJC_LITERAL_CONVERSION = YES;
				CLANG_WARN_OBJC_ROOT_CLASS = YES_ERROR;
				CLANG_WARN_QUOTED_INCLUDE_IN_FRAMEWORK_HEADER = YES;
				CLANG_WARN_RANGE_LOOP_ANALYSIS = YES;
				CLANG_WARN_STRICT_PROTOTYPES = YES;
				CLANG_WARN_SUSPICIOUS_MOVE = YES;
				CLANG_WARN_UNGUARDED_AVAILABILITY = YES_AGGRESSIVE;
				CLANG_WARN_UNREACHABLE_CODE = YES;
				CLANG_WARN__DUPLICATE_METHOD_MATCH = YES;
				COPY_PHASE_STRIP = NO;
				DEBUG_INFORMATION_FORMAT = "dwarf-with-dsym";
				ENABLE_NS_ASSERTIONS = NO;
				ENABLE_STRICT_OBJC_MSGSEND = YES;
				ENABLE_USER_SCRIPT_SANDBOXING = YES;
				GCC_C_LANGUAGE_STANDARD = gnu17;
				GCC_NO_COMMON_BLOCKS = YES;
				GCC_WARN_64_TO_32_BIT_CONVERSION = YES;
				GCC_WARN_ABOUT_RETURN_TYPE = YES_ERROR;
				GCC_WARN_UNDECLARED_SELECTOR = YES;
				GCC_WARN_UNINITIALIZED_AUTOS = YES_AGGRESSIVE;
				GCC_WARN_UNUSED_FUNCTION = YES;
				GCC_WARN_UNUSED_VARIABLE = YES;
				IPHONEOS_DEPLOYMENT_TARGET = 18.0;
				LOCALIZATION_PREFERS_STRING_CATALOGS = YES;
				MTL_ENABLE_DEBUG_INFO = NO;
				MTL_FAST_MATH = YES;
				SDKROOT = iphoneos;
				STRIP_INSTALLED_PRODUCT = NO;
				SWIFT_COMPILATION_MODE = wholemodule;
				SWIFT_DISABLE_SAFETY_CHECKS = YES;
				SWIFT_ENFORCE_EXCLUSIVE_ACCESS = off;
				SWIFT_VERSION = 6.0;
				VALIDATE_PRODUCT = YES;
				_EXPERIMENTAL_SWIFT_EXPLICIT_MODULES = YES;
			};
			name = Release;
		};
		2123DF792C0679DE00868B53 /* Debug */ = {
			isa = XCBuildConfiguration;
			buildSettings = {
				ARCHS = "$(ARCHS_STANDARD)";
				ASSETCATALOG_COMPILER_APPICON_NAME = AppIcon;
				ASSETCATALOG_COMPILER_GLOBAL_ACCENT_COLOR_NAME = AccentColor;
				CLANG_ENABLE_MODULES = YES;
				CODE_SIGN_ENTITLEMENTS = InternalInspect/InternalInspect.entitlements;
				CODE_SIGN_IDENTITY = "Apple Development";
				CODE_SIGN_STYLE = Automatic;
				CURRENT_PROJECT_VERSION = 1;
				DEVELOPMENT_ASSET_PATHS = "\"InternalInspect/Preview Content\"";
				DEVELOPMENT_TEAM = W7TTKAZX72;
				ENABLE_HARDENED_RUNTIME = NO;
				ENABLE_PREVIEWS = YES;
				ENABLE_STRICT_OBJC_MSGSEND = NO;
				ENABLE_USER_SCRIPT_SANDBOXING = NO;
				GENERATE_INFOPLIST_FILE = YES;
				INFOPLIST_KEY_UIApplicationSceneManifest_Generation = YES;
				INFOPLIST_KEY_UIApplicationSupportsIndirectInputEvents = YES;
				INFOPLIST_KEY_UILaunchScreen_Generation = YES;
				INFOPLIST_KEY_UISupportedInterfaceOrientations_iPad = "UIInterfaceOrientationPortrait UIInterfaceOrientationPortraitUpsideDown UIInterfaceOrientationLandscapeLeft UIInterfaceOrientationLandscapeRight";
				INFOPLIST_KEY_UISupportedInterfaceOrientations_iPhone = "UIInterfaceOrientationPortrait UIInterfaceOrientationLandscapeLeft UIInterfaceOrientationLandscapeRight";
				IPHONEOS_DEPLOYMENT_TARGET = 18.0;
				LD_RUNPATH_SEARCH_PATHS = (
					"$(inherited)",
					"@executable_path/Frameworks",
				);
				MACOSX_DEPLOYMENT_TARGET = 15.0;
				MARKETING_VERSION = 1.0;
				PRODUCT_BUNDLE_IDENTIFIER = com.xezrunner.InternalInspect;
				PRODUCT_NAME = "$(TARGET_NAME)";
				PROVISIONING_PROFILE_SPECIFIER = "";
				REGISTER_APP_GROUPS = YES;
				SUPPORTED_PLATFORMS = "iphoneos iphonesimulator macosx xros xrsimulator";
				SUPPORTS_MACCATALYST = YES;
				SUPPORTS_MAC_DESIGNED_FOR_IPHONE_IPAD = YES;
				SUPPORTS_XR_DESIGNED_FOR_IPHONE_IPAD = NO;
				SWIFT_DEFAULT_ACTOR_ISOLATION = MainActor;
				SWIFT_EMIT_LOC_STRINGS = YES;
				SWIFT_OBJC_BRIDGING_HEADER = "InternalInspect/InternalInspect-Bridging-Header.h";
				SWIFT_OPTIMIZATION_LEVEL = "-Onone";
				SWIFT_STRICT_CONCURRENCY = minimal;
				SWIFT_VERSION = 5.0;
				TARGETED_DEVICE_FAMILY = "1,2,7";
				_EXPERIMENTAL_SWIFT_EXPLICIT_MODULES = YES;
			};
			name = Debug;
		};
		2123DF7A2C0679DE00868B53 /* Release */ = {
			isa = XCBuildConfiguration;
			buildSettings = {
				ARCHS = "$(ARCHS_STANDARD)";
				ASSETCATALOG_COMPILER_APPICON_NAME = AppIcon;
				ASSETCATALOG_COMPILER_GLOBAL_ACCENT_COLOR_NAME = AccentColor;
				CLANG_ENABLE_MODULES = YES;
				CODE_SIGN_ENTITLEMENTS = InternalInspect/InternalInspect.entitlements;
				CODE_SIGN_IDENTITY = "Apple Development";
				CODE_SIGN_STYLE = Automatic;
				CURRENT_PROJECT_VERSION = 1;
				DEVELOPMENT_ASSET_PATHS = "\"InternalInspect/Preview Content\"";
				DEVELOPMENT_TEAM = W7TTKAZX72;
				ENABLE_HARDENED_RUNTIME = NO;
				ENABLE_PREVIEWS = YES;
				ENABLE_STRICT_OBJC_MSGSEND = NO;
				ENABLE_USER_SCRIPT_SANDBOXING = NO;
				GENERATE_INFOPLIST_FILE = YES;
				INFOPLIST_KEY_UIApplicationSceneManifest_Generation = YES;
				INFOPLIST_KEY_UIApplicationSupportsIndirectInputEvents = YES;
				INFOPLIST_KEY_UILaunchScreen_Generation = YES;
				INFOPLIST_KEY_UISupportedInterfaceOrientations_iPad = "UIInterfaceOrientationPortrait UIInterfaceOrientationPortraitUpsideDown UIInterfaceOrientationLandscapeLeft UIInterfaceOrientationLandscapeRight";
				INFOPLIST_KEY_UISupportedInterfaceOrientations_iPhone = "UIInterfaceOrientationPortrait UIInterfaceOrientationLandscapeLeft UIInterfaceOrientationLandscapeRight";
				IPHONEOS_DEPLOYMENT_TARGET = 18.0;
				LD_RUNPATH_SEARCH_PATHS = (
					"$(inherited)",
					"@executable_path/Frameworks",
				);
				MACOSX_DEPLOYMENT_TARGET = 15.0;
				MARKETING_VERSION = 1.0;
				PRODUCT_BUNDLE_IDENTIFIER = com.xezrunner.InternalInspect;
				PRODUCT_NAME = "$(TARGET_NAME)";
				PROVISIONING_PROFILE_SPECIFIER = "";
				REGISTER_APP_GROUPS = YES;
				SUPPORTED_PLATFORMS = "iphoneos iphonesimulator macosx xros xrsimulator";
				SUPPORTS_MACCATALYST = YES;
				SUPPORTS_MAC_DESIGNED_FOR_IPHONE_IPAD = YES;
				SUPPORTS_XR_DESIGNED_FOR_IPHONE_IPAD = NO;
				SWIFT_DEFAULT_ACTOR_ISOLATION = MainActor;
				SWIFT_EMIT_LOC_STRINGS = YES;
				SWIFT_OBJC_BRIDGING_HEADER = "InternalInspect/InternalInspect-Bridging-Header.h";
				SWIFT_STRICT_CONCURRENCY = minimal;
				SWIFT_VERSION = 5.0;
				TARGETED_DEVICE_FAMILY = "1,2,7";
				_EXPERIMENTAL_SWIFT_EXPLICIT_MODULES = YES;
			};
			name = Release;
		};
/* End XCBuildConfiguration section */

/* Begin XCConfigurationList section */
		2123DF652C0679DB00868B53 /* Build configuration list for PBXProject "InternalInspect" */ = {
			isa = XCConfigurationList;
			buildConfigurations = (
				2123DF762C0679DE00868B53 /* Debug */,
				2123DF772C0679DE00868B53 /* Release */,
			);
			defaultConfigurationIsVisible = 0;
			defaultConfigurationName = Release;
		};
		2123DF782C0679DE00868B53 /* Build configuration list for PBXNativeTarget "InternalInspect" */ = {
			isa = XCConfigurationList;
			buildConfigurations = (
				2123DF792C0679DE00868B53 /* Debug */,
				2123DF7A2C0679DE00868B53 /* Release */,
			);
			defaultConfigurationIsVisible = 0;
			defaultConfigurationName = Release;
		};
/* End XCConfigurationList section */

/* Begin XCRemoteSwiftPackageReference section */
		21AD64242C2B8204008DA41C /* XCRemoteSwiftPackageReference "swiftui-system-colors" */ = {
			isa = XCRemoteSwiftPackageReference;
			repositoryURL = "https://github.com/diniska/swiftui-system-colors";
			requirement = {
				kind = upToNextMajorVersion;
				minimumVersion = 1.2.0;
			};
		};
/* End XCRemoteSwiftPackageReference section */

/* Begin XCSwiftPackageProductDependency section */
		21AD64252C2B8204008DA41C /* SystemColors */ = {
			isa = XCSwiftPackageProductDependency;
			package = 21AD64242C2B8204008DA41C /* XCRemoteSwiftPackageReference "swiftui-system-colors" */;
			productName = SystemColors;
		};
/* End XCSwiftPackageProductDependency section */
	};
	rootObject = 2123DF622C0679DB00868B53 /* Project object */;
}
